
Microsoft Visual Studio Solution File, Format Version 12.00
# Visual Studio Version 16
VisualStudioVersion = 16.0.31624.102
MinimumVisualStudioVersion = 10.0.40219.1
Project("{FAE04EC0-301F-11D3-BF4B-00C04F79EFBC}") = "ExcelPost", "ExcelPost\ExcelPost.csproj", "{06E4B523-DDD1-4BC0-94F7-C3941E55E5C2}"
EndProject
Global
	GlobalSection(SolutionConfigurationPlatforms) = preSolution
		Debug|Any CPU = Debug|Any CPU
		Release|Any CPU = Release|Any CPU
	EndGlobalSection
	GlobalSection(ProjectConfigurationPlatforms) = postSolution
		{06E4B523-DDD1-4BC0-94F7-C3941E55E5C2}.Debug|Any CPU.ActiveCfg = Debug|Any CPU
		{06E4B523-DDD1-4BC0-94F7-C3941E55E5C2}.Debug|Any CPU.Build.0 = Debug|Any CPU
		{06E4B523-DDD1-4BC0-94F7-C3941E55E5C2}.Release|Any CPU.ActiveCfg = Release|Any CPU
		{06E4B523-DDD1-4BC0-94F7-C3941E55E5C2}.Release|Any CPU.Build.0 = Release|Any CPU
	EndGlobalSection
	GlobalSection(SolutionProperties) = preSolution
		HideSolutionNode = FALSE
	EndGlobalSection
	GlobalSection(ExtensibilityGlobals) = postSolution
		SolutionGuid = {DFD3EC79-F175-4B35-B9D2-26FFA53EFB9F}
	EndGlobalSection
EndGlobal
